
Microsoft Visual Studio Solution File, Format Version 12.00
# Visual Studio Version 17
VisualStudioVersion = 17.7.34221.43
MinimumVisualStudioVersion = 10.0.40219.1
Project("{FAE04EC0-301F-11D3-BF4B-00C04F79EFBC}") = "ChatGPT", "ChatGPT\ChatGPT.csproj", "{1DBDFA99-D7FB-409C-9DBB-C18BD34FE9EC}"
EndProject
Global
	GlobalSection(SolutionConfigurationPlatforms) = preSolution
		Debug|Any CPU = Debug|Any CPU
		Release|Any CPU = Release|Any CPU
	EndGlobalSection
	GlobalSection(ProjectConfigurationPlatforms) = postSolution
		{1DBDFA99-D7FB-409C-9DBB-C18BD34FE9EC}.Debug|Any CPU.ActiveCfg = Debug|Any CPU
		{1DBDFA99-D7FB-409C-9DBB-C18BD34FE9EC}.Debug|Any CPU.Build.0 = Debug|Any CPU
		{1DBDFA99-D7FB-409C-9DBB-C18BD34FE9EC}.Release|Any CPU.ActiveCfg = Release|Any CPU
		{1DBDFA99-D7FB-409C-9DBB-C18BD34FE9EC}.Release|Any CPU.Build.0 = Release|Any CPU
	EndGlobalSection
	GlobalSection(SolutionProperties) = preSolution
		HideSolutionNode = FALSE
	EndGlobalSection
	GlobalSection(ExtensibilityGlobals) = postSolution
		SolutionGuid = {02E72532-D672-445C-A7BF-0D67AE19BB9A}
	EndGlobalSection
EndGlobal
